
Microsoft Visual Studio Solution File, Format Version 12.00
# Visual Studio 15
VisualStudioVersion = 15.0.28307.757
MinimumVisualStudioVersion = 10.0.40219.1
Project("{FAE04EC0-301F-11D3-BF4B-00C04F79EFBC}") = "MaxCoverageCalc", "MaxCoverageCalc.csproj", "{BA9AEAE8-2860-40BA-AA1D-08C257003AFE}"
EndProject
Global
	GlobalSection(SolutionConfigurationPlatforms) = preSolution
		Debug|Any CPU = Debug|Any CPU
		Release|Any CPU = Release|Any CPU
	EndGlobalSection
	GlobalSection(ProjectConfigurationPlatforms) = postSolution
		{BA9AEAE8-2860-40BA-AA1D-08C257003AFE}.Debug|Any CPU.ActiveCfg = Debug|Any CPU
		{BA9AEAE8-2860-40BA-AA1D-08C257003AFE}.Debug|Any CPU.Build.0 = Debug|Any CPU
		{BA9AEAE8-2860-40BA-AA1D-08C257003AFE}.Release|Any CPU.ActiveCfg = Release|Any CPU
		{BA9AEAE8-2860-40BA-AA1D-08C257003AFE}.Release|Any CPU.Build.0 = Release|Any CPU
	EndGlobalSection
	GlobalSection(SolutionProperties) = preSolution
		HideSolutionNode = FALSE
	EndGlobalSection
	GlobalSection(ExtensibilityGlobals) = postSolution
		SolutionGuid = {C761DA4A-FB8E-4B82-8737-1294EC78DFB3}
	EndGlobalSection
EndGlobal
